// !$*UTF8*$!
{
	archiveVersion = 1;
	classes = {};
	objectVersion = 77;
	objects = {
		485700000000000000000080 = {isa = PBXFileReference; lastKnownFileType = text; path = build/darwin/ThirdPartyLicenses.txt; sourceTree = SOURCE_ROOT; };
		485700000000000000000081 = {isa = PBXBuildFile; fileRef = 485700000000000000000080; };
		485700000000000000000082 = {isa = PBXFileReference; lastKnownFileType = text; path = build/ios/ThirdPartyLicenses.txt; sourceTree = SOURCE_ROOT; };
		485700000000000000000083 = {isa = PBXBuildFile; fileRef = 485700000000000000000082; };

		48570000000000000000003C = {isa = PBXBuildFile; fileRef = 485700000000000000000017; };
		485700000000000000000070 = {isa = PBXBuildFile; fileRef = 485700000000000000000017; };
		48570000000000000000003D = {isa = PBXBuildFile; fileRef = 485700000000000000000015; settings = {ATTRIBUTES = (RemoveHeadersOnCopy, ); }; };
		48570000000000000000003E = {isa = PBXContainerItemProxy; containerPortal = 485700000000000000000001; proxyType = 1; remoteGlobalIDString = 485700000000000000000029; remoteInfo = HeadwireExtension; };
		48570000000000000000003F = {isa = PBXTargetDependency; target = 485700000000000000000029; targetProxy = 48570000000000000000003E; };
		485700000000000000000084 = {isa = PBXBuildFile; fileRef = 485700000000000000000017; };
		485700000000000000000060 = {isa = PBXBuildFile; fileRef = 485700000000000000000017; };
		485700000000000000000061 = {isa = PBXBuildFile; fileRef = 485700000000000000000019; settings = {ATTRIBUTES = (RemoveHeadersOnCopy, ); }; };
		485700000000000000000062 = {isa = PBXContainerItemProxy; containerPortal = 485700000000000000000001; proxyType = 1; remoteGlobalIDString = 48570000000000000000002C; remoteInfo = HeadwireTunneliOS; };
		485700000000000000000063 = {isa = PBXTargetDependency; target = 48570000000000000000002C; targetProxy = 485700000000000000000062; };
		485700000000000000000038 /* Embed System Extensions */ = {isa = PBXCopyFilesBuildPhase; buildActionMask = 2147483647; dstPath = "$(SYSTEM_EXTENSIONS_FOLDER_PATH)"; dstSubfolderSpec = 16; files = (48570000000000000000003D, ); name = "Embed System Extensions"; runOnlyForDeploymentPostprocessing = 0; };
		48570000000000000000005D /* Embed Foundation Extensions */ = {isa = PBXCopyFilesBuildPhase; buildActionMask = 2147483647; dstPath = ""; dstSubfolderSpec = 13; files = (485700000000000000000061, ); name = "Embed Foundation Extensions"; runOnlyForDeploymentPostprocessing = 0; };
		485700000000000000000014 = {isa = PBXFileReference; explicitFileType = wrapper.application; includeInIndex = 0; path = Headwire.app; sourceTree = BUILT_PRODUCTS_DIR; };
		485700000000000000000015 = {isa = PBXFileReference; explicitFileType = "wrapper.system-extension"; includeInIndex = 0; path = "$(BUNDLE_ID_PREFIX).extension.systemextension"; sourceTree = BUILT_PRODUCTS_DIR; };
		485700000000000000000016 = {isa = PBXFileReference; explicitFileType = wrapper.cfbundle; includeInIndex = 0; path = HeadwireTests.xctest; sourceTree = BUILT_PRODUCTS_DIR; };
		485700000000000000000018 = {isa = PBXFileReference; explicitFileType = wrapper.application; includeInIndex = 0; name = "Headwire.app (iOS)"; path = Headwire.app; sourceTree = BUILT_PRODUCTS_DIR; };
		485700000000000000000019 = {isa = PBXFileReference; explicitFileType = "wrapper.app-extension"; includeInIndex = 0; path = HeadwireTunneliOS.appex; sourceTree = BUILT_PRODUCTS_DIR; };
		485700000000000000000017 = {isa = PBXFileReference; lastKnownFileType = wrapper.xcframework; name = HeadwireBridge.xcframework; path = build/HeadwireBridge.xcframework; sourceTree = "<group>"; };
		48570000000000000000001E /* Common.xcconfig */ = {isa = PBXFileReference; lastKnownFileType = text.xcconfig; path = Common.xcconfig; sourceTree = "<group>"; };
		48570000000000000000001F /* Debug.xcconfig */ = {isa = PBXFileReference; lastKnownFileType = text.xcconfig; path = Debug.xcconfig; sourceTree = "<group>"; };
		485700000000000000000020 /* Release.xcconfig */ = {isa = PBXFileReference; lastKnownFileType = text.xcconfig; path = Release.xcconfig; sourceTree = "<group>"; };
		485700000000000000000021 /* App.xcconfig */ = {isa = PBXFileReference; lastKnownFileType = text.xcconfig; path = App.xcconfig; sourceTree = "<group>"; };
		485700000000000000000022 /* Extension.xcconfig */ = {isa = PBXFileReference; lastKnownFileType = text.xcconfig; path = Extension.xcconfig; sourceTree = "<group>"; };
		485700000000000000000023 /* Tests.xcconfig */ = {isa = PBXFileReference; lastKnownFileType = text.xcconfig; path = Tests.xcconfig; sourceTree = "<group>"; };
		485700000000000000000024 /* iOS-App.xcconfig */ = {isa = PBXFileReference; lastKnownFileType = text.xcconfig; path = "iOS-App.xcconfig"; sourceTree = "<group>"; };
		485700000000000000000025 /* iOS-Extension.xcconfig */ = {isa = PBXFileReference; lastKnownFileType = text.xcconfig; path = "iOS-Extension.xcconfig"; sourceTree = "<group>"; };
		48570000000000000000000A /* App */ = {isa = PBXFileSystemSynchronizedRootGroup; path = App; sourceTree = "<group>"; };
		48570000000000000000000B /* Extension */ = {isa = PBXFileSystemSynchronizedRootGroup; path = Extension; sourceTree = "<group>"; };
		48570000000000000000000C /* Shared */ = {isa = PBXFileSystemSynchronizedRootGroup; path = Shared; sourceTree = "<group>"; };
		48570000000000000000000D /* Tests */ = {isa = PBXFileSystemSynchronizedRootGroup; path = Tests; sourceTree = "<group>"; };
		48570000000000000000000E /* Provider */ = {isa = PBXFileSystemSynchronizedRootGroup; path = Provider; sourceTree = "<group>"; };
		48570000000000000000000F /* Controller */ = {isa = PBXFileSystemSynchronizedRootGroup; path = Controller; sourceTree = "<group>"; };
		485700000000000000000013 /* CLI */ = {isa = PBXFileSystemSynchronizedRootGroup; path = CLI; sourceTree = "<group>"; };
		485700000000000000000010 /* Assets */ = {isa = PBXFileSystemSynchronizedRootGroup; path = Assets; sourceTree = "<group>"; };
		485700000000000000000011 /* iOS/App */ = {isa = PBXFileSystemSynchronizedRootGroup; path = iOS/App; sourceTree = "<group>"; };
		485700000000000000000012 /* iOS/Shared */ = {isa = PBXFileSystemSynchronizedRootGroup; path = iOS/Shared; sourceTree = "<group>"; };
		485700000000000000000002 = {isa = PBXGroup; children = (48570000000000000000000A, 48570000000000000000000B, 48570000000000000000000C, 48570000000000000000000D, 48570000000000000000000E, 48570000000000000000000F, 485700000000000000000013, 485700000000000000000010, 485700000000000000000011, 485700000000000000000012, 485700000000000000000004, 485700000000000000000017, 485700000000000000000003, ); sourceTree = "<group>"; };
		485700000000000000000003 = {isa = PBXGroup; children = (485700000000000000000014, 485700000000000000000015, 485700000000000000000016, 485700000000000000000018, 485700000000000000000019, ); name = Products; sourceTree = "<group>"; };
		485700000000000000000004 = {isa = PBXGroup; children = (48570000000000000000001E, 48570000000000000000001F, 485700000000000000000020, 485700000000000000000021, 485700000000000000000022, 485700000000000000000023, 485700000000000000000024, 485700000000000000000025, ); path = Config; sourceTree = "<group>"; };
		485700000000000000000032 = {isa = PBXSourcesBuildPhase; buildActionMask = 2147483647; files = (); runOnlyForDeploymentPostprocessing = 0; };
		485700000000000000000033 = {isa = PBXSourcesBuildPhase; buildActionMask = 2147483647; files = (); runOnlyForDeploymentPostprocessing = 0; };
		485700000000000000000034 = {isa = PBXSourcesBuildPhase; buildActionMask = 2147483647; files = (); runOnlyForDeploymentPostprocessing = 0; };
		485700000000000000000039 = {isa = PBXResourcesBuildPhase; buildActionMask = 2147483647; files = (485700000000000000000081, ); runOnlyForDeploymentPostprocessing = 0; };
		485700000000000000000035 = {isa = PBXFrameworksBuildPhase; buildActionMask = 2147483647; files = (485700000000000000000070, ); runOnlyForDeploymentPostprocessing = 0; };
		485700000000000000000036 = {isa = PBXFrameworksBuildPhase; buildActionMask = 2147483647; files = (48570000000000000000003C, ); runOnlyForDeploymentPostprocessing = 0; };
		485700000000000000000037 = {isa = PBXFrameworksBuildPhase; buildActionMask = 2147483647; files = (485700000000000000000084, ); runOnlyForDeploymentPostprocessing = 0; };
		48570000000000000000005A = {isa = PBXSourcesBuildPhase; buildActionMask = 2147483647; files = (); runOnlyForDeploymentPostprocessing = 0; };
		48570000000000000000005B = {isa = PBXFrameworksBuildPhase; buildActionMask = 2147483647; files = (); runOnlyForDeploymentPostprocessing = 0; };
		48570000000000000000005C = {isa = PBXResourcesBuildPhase; buildActionMask = 2147483647; files = (485700000000000000000083, ); runOnlyForDeploymentPostprocessing = 0; };
		48570000000000000000005E = {isa = PBXSourcesBuildPhase; buildActionMask = 2147483647; files = (); runOnlyForDeploymentPostprocessing = 0; };
		48570000000000000000005F = {isa = PBXFrameworksBuildPhase; buildActionMask = 2147483647; files = (485700000000000000000060, ); runOnlyForDeploymentPostprocessing = 0; };
		485700000000000000000028 /* Headwire */ = {isa = PBXNativeTarget; buildConfigurationList = 485700000000000000000047; buildPhases = (485700000000000000000032, 485700000000000000000035, 485700000000000000000039, 485700000000000000000038, ); buildRules = (); dependencies = (48570000000000000000003F, ); fileSystemSynchronizedGroups = (48570000000000000000000A, 485700000000000000000013, 48570000000000000000000C, 48570000000000000000000F, 485700000000000000000010, ); name = Headwire; productName = Headwire; productReference = 485700000000000000000014; productType = "com.apple.product-type.application"; };
		485700000000000000000029 /* HeadwireExtension */ = {isa = PBXNativeTarget; buildConfigurationList = 485700000000000000000048; buildPhases = (485700000000000000000033, 485700000000000000000036, ); buildRules = (); dependencies = (); fileSystemSynchronizedGroups = (48570000000000000000000B, 48570000000000000000000C, 48570000000000000000000E, ); name = HeadwireExtension; productName = HeadwireExtension; productReference = 485700000000000000000015; productType = "com.apple.product-type.system-extension"; };
		48570000000000000000002A /* HeadwireTests */ = {isa = PBXNativeTarget; buildConfigurationList = 485700000000000000000049; buildPhases = (485700000000000000000034, 485700000000000000000037, ); buildRules = (); dependencies = (); fileSystemSynchronizedGroups = (48570000000000000000000D, 485700000000000000000013, 48570000000000000000000C, 48570000000000000000000E, 48570000000000000000000F, ); name = HeadwireTests; productName = HeadwireTests; productReference = 485700000000000000000016; productType = "com.apple.product-type.bundle.unit-test"; };
		48570000000000000000002B /* HeadwireiOS */ = {isa = PBXNativeTarget; buildConfigurationList = 48570000000000000000004A; buildPhases = (48570000000000000000005A, 48570000000000000000005B, 48570000000000000000005C, 48570000000000000000005D, ); buildRules = (); dependencies = (485700000000000000000063, ); fileSystemSynchronizedGroups = (485700000000000000000011, 485700000000000000000012, 48570000000000000000000C, 48570000000000000000000F, 485700000000000000000010, ); name = HeadwireiOS; productName = HeadwireiOS; productReference = 485700000000000000000018; productType = "com.apple.product-type.application"; };
		48570000000000000000002C /* HeadwireTunneliOS */ = {isa = PBXNativeTarget; buildConfigurationList = 48570000000000000000004B; buildPhases = (48570000000000000000005E, 48570000000000000000005F, ); buildRules = (); dependencies = (); fileSystemSynchronizedGroups = (48570000000000000000000E, 485700000000000000000012, 48570000000000000000000C, ); name = HeadwireTunneliOS; productName = HeadwireTunneliOS; productReference = 485700000000000000000019; productType = "com.apple.product-type.app-extension"; };
		485700000000000000000001 /* Project object */ = {isa = PBXProject; attributes = {BuildIndependentTargetsInParallel = 1; LastUpgradeCheck = 2600; }; buildConfigurationList = 485700000000000000000046; developmentRegion = en; hasScannedForEncodings = 0; knownRegions = (en, Base, ); mainGroup = 485700000000000000000002; minimizedProjectReferenceProxies = 1; preferredProjectObjectVersion = 77; productRefGroup = 485700000000000000000003; projectDirPath = ""; projectRoot = ""; targets = (485700000000000000000028, 485700000000000000000029, 48570000000000000000002A, 48570000000000000000002B, 48570000000000000000002C, ); };
		485700000000000000000050 /* Debug */ = {isa = XCBuildConfiguration; baseConfigurationReference = 48570000000000000000001F; buildSettings = {}; name = Debug; };
		485700000000000000000051 /* Release */ = {isa = XCBuildConfiguration; baseConfigurationReference = 485700000000000000000020; buildSettings = {}; name = Release; };
		485700000000000000000052 /* Debug */ = {isa = XCBuildConfiguration; baseConfigurationReference = 485700000000000000000021; buildSettings = {}; name = Debug; };
		485700000000000000000053 /* Release */ = {isa = XCBuildConfiguration; baseConfigurationReference = 485700000000000000000021; buildSettings = {}; name = Release; };
		485700000000000000000054 /* Debug */ = {isa = XCBuildConfiguration; baseConfigurationReference = 485700000000000000000022; buildSettings = {}; name = Debug; };
		485700000000000000000055 /* Release */ = {isa = XCBuildConfiguration; baseConfigurationReference = 485700000000000000000022; buildSettings = {}; name = Release; };
		485700000000000000000056 /* Debug */ = {isa = XCBuildConfiguration; baseConfigurationReference = 485700000000000000000023; buildSettings = {}; name = Debug; };
		485700000000000000000057 /* Release */ = {isa = XCBuildConfiguration; baseConfigurationReference = 485700000000000000000023; buildSettings = {}; name = Release; };
		485700000000000000000064 /* Debug */ = {isa = XCBuildConfiguration; baseConfigurationReference = 485700000000000000000024; buildSettings = {}; name = Debug; };
		485700000000000000000065 /* Release */ = {isa = XCBuildConfiguration; baseConfigurationReference = 485700000000000000000024; buildSettings = {}; name = Release; };
		485700000000000000000066 /* Debug */ = {isa = XCBuildConfiguration; baseConfigurationReference = 485700000000000000000025; buildSettings = {}; name = Debug; };
		485700000000000000000067 /* Release */ = {isa = XCBuildConfiguration; baseConfigurationReference = 485700000000000000000025; buildSettings = {}; name = Release; };
		485700000000000000000046 = {isa = XCConfigurationList; buildConfigurations = (485700000000000000000050, 485700000000000000000051, ); defaultConfigurationIsVisible = 0; defaultConfigurationName = Release; };
		485700000000000000000047 = {isa = XCConfigurationList; buildConfigurations = (485700000000000000000052, 485700000000000000000053, ); defaultConfigurationIsVisible = 0; defaultConfigurationName = Release; };
		485700000000000000000048 = {isa = XCConfigurationList; buildConfigurations = (485700000000000000000054, 485700000000000000000055, ); defaultConfigurationIsVisible = 0; defaultConfigurationName = Release; };
		485700000000000000000049 = {isa = XCConfigurationList; buildConfigurations = (485700000000000000000056, 485700000000000000000057, ); defaultConfigurationIsVisible = 0; defaultConfigurationName = Release; };
		48570000000000000000004A = {isa = XCConfigurationList; buildConfigurations = (485700000000000000000064, 485700000000000000000065, ); defaultConfigurationIsVisible = 0; defaultConfigurationName = Release; };
		48570000000000000000004B = {isa = XCConfigurationList; buildConfigurations = (485700000000000000000066, 485700000000000000000067, ); defaultConfigurationIsVisible = 0; defaultConfigurationName = Release; };
	};
	rootObject = 485700000000000000000001 /* Project object */;
}
